
Microsoft Visual Studio Solution File, Format Version 12.00
Project("{F2A71F9B-5D33-465A-A702-920D77279786}") = "Tests", "Tests.fsproj", "{94A84243-225E-4323-BED7-3C36FD21D62F}"
EndProject
Global
	GlobalSection(SolutionConfigurationPlatforms) = preSolution
		Debug|Any CPU = Debug|Any CPU
		Release|Any CPU = Release|Any CPU
	EndGlobalSection
	GlobalSection(ProjectConfigurationPlatforms) = postSolution
		{94A84243-225E-4323-BED7-3C36FD21D62F}.Debug|Any CPU.ActiveCfg = Debug|Any CPU
		{94A84243-225E-4323-BED7-3C36FD21D62F}.Debug|Any CPU.Build.0 = Debug|Any CPU
		{94A84243-225E-4323-BED7-3C36FD21D62F}.Release|Any CPU.ActiveCfg = Release|Any CPU
		{94A84243-225E-4323-BED7-3C36FD21D62F}.Release|Any CPU.Build.0 = Release|Any CPU
	EndGlobalSection
EndGlobal
