%{
  "gleam_decode": {:hex, :gleam_decode, "1.7.0", "43431d265f87a7e976dc2fcf7c95aae9da7fe6db52e4cf76378315e5f56cd367", [:rebar3], [{:gleam_stdlib, "~> 0.11", [hex: :gleam_stdlib, repo: "hexpm", optional: false]}], "hexpm", "51207391000aa9c8d6299c5d4e95221bb1fb2da0bacc12e99bbb3269f71fcfc1"},
  "gleam_stdlib": {:hex, :gleam_stdlib, "0.14.0", "765d90ac06f97d7a8e8f7ac4beda373879d98c78a27fd8deacc98aa34da2ddce", [:rebar3], [], "hexpm", "9107f6a859cb96945ad9a099085db028ca2bebb3c8ea42eec227b51c614cc2e0"},
  "gleam_synapses": {:hex, :gleam_synapses, "0.0.2", "936d6e0807b125ec1bc2de91bc24c9dbae6d80d38a592c1b9c44fc51ddfdb93e", [:rebar3], [{:gleam_decode, "1.7.0", [hex: :gleam_decode, repo: "hexpm", optional: false]}, {:gleam_stdlib, "0.14.0", [hex: :gleam_stdlib, repo: "hexpm", optional: false]}, {:gleam_zlists, "0.0.3", [hex: :gleam_zlists, repo: "hexpm", optional: false]}, {:jsone, "1.5.0", [hex: :jsone, repo: "hexpm", optional: false]}, {:minigen, "0.0.1", [hex: :minigen, repo: "hexpm", optional: false]}], "hexpm", "ba1512bcef8f107d54d6ec5888b114f5003116d0d20571a49e9ae0e8ebc0a3b2"},
  "gleam_zlists": {:hex, :gleam_zlists, "0.0.3", "6818ab1fad3f1736c9e39818e2ebb45e94e6bb0ba1d370cd3fcdd08b36b7367b", [:rebar3], [{:gleam_stdlib, "0.14.0", [hex: :gleam_stdlib, repo: "hexpm", optional: false]}, {:zlists, "0.0.4", [hex: :zlists, repo: "hexpm", optional: false]}], "hexpm", "4f1a5ab414d508339a7df19abe5c9eeae7db4df7974d995ebe08eb33ca0b63d0"},
  "jsone": {:hex, :jsone, "1.5.0", "410f5208bcae541bf941b3f2756e5bb5a4c8694d7ffd6b34b909ae88262629c0", [:rebar3], [], "hexpm", "2d3e282f72c4e1a4c3a43f61f927b214caed26ac761b605a14e40a8461260da6"},
  "minigen": {:hex, :minigen, "0.0.1", "80eed88193aef1e5b4418c0d1c0fb38e7fac6b610c29ce9809d18d7abd08d3b8", [:rebar3], [{:gleam_stdlib, "0.14.0", [hex: :gleam_stdlib, repo: "hexpm", optional: false]}], "hexpm", "831e22209ba053114941d7c83a74c12b06e9959bc84839656e828912b8e709db"},
  "synapses": {:hex, :synapses, "7.4.1", "b12e853604acb34372e5ef42942f17ddf0ca9ed6c44ade066d77a8e0bf649590", [:mix], [{:gleam_stdlib, "~> 0.14.0", [hex: :gleam_stdlib, repo: "hexpm", optional: false]}, {:gleam_synapses, "~> 0.0.2", [hex: :gleam_synapses, repo: "hexpm", optional: false]}], "hexpm", "ab1a3607feb11b8ccfac6d64ae6e5c50a9dd89e1b49fe8390faeba8be8392e48"},
  "zlists": {:hex, :zlists, "0.0.4", "f641fcd2d05dcc34e6f98a0a88290ec54fd269246d2bed41d9504361f243a442", [:mix, :rebar3], [], "hexpm", "babc8b78984e4988dafeb9e07a77f04d3f8ea208d49e60b6669da43b0d2c2c4b"},
}
