
Microsoft Visual Studio Solution File, Format Version 12.00
Project("{FAE04EC0-301F-11D3-BF4B-00C04F79EFBC}") = "SynapsesCSharp", "SynapsesCSharp\SynapsesCSharp.csproj", "{071843D7-7D68-4104-BE5E-902917F7C960}"
EndProject
Project("{F2A71F9B-5D33-465A-A702-920D77279786}") = "Synapses", "Synapses\Synapses.fsproj", "{7BDD5AB0-D0F8-4E3B-9513-5F4EF3C4B745}"
EndProject
Global
	GlobalSection(SolutionConfigurationPlatforms) = preSolution
		Debug|Any CPU = Debug|Any CPU
		Release|Any CPU = Release|Any CPU
	EndGlobalSection
	GlobalSection(ProjectConfigurationPlatforms) = postSolution
		{071843D7-7D68-4104-BE5E-902917F7C960}.Debug|Any CPU.ActiveCfg = Debug|Any CPU
		{071843D7-7D68-4104-BE5E-902917F7C960}.Debug|Any CPU.Build.0 = Debug|Any CPU
		{071843D7-7D68-4104-BE5E-902917F7C960}.Release|Any CPU.ActiveCfg = Release|Any CPU
		{071843D7-7D68-4104-BE5E-902917F7C960}.Release|Any CPU.Build.0 = Release|Any CPU
		{7BDD5AB0-D0F8-4E3B-9513-5F4EF3C4B745}.Debug|Any CPU.ActiveCfg = Debug|Any CPU
		{7BDD5AB0-D0F8-4E3B-9513-5F4EF3C4B745}.Debug|Any CPU.Build.0 = Debug|Any CPU
		{7BDD5AB0-D0F8-4E3B-9513-5F4EF3C4B745}.Release|Any CPU.ActiveCfg = Release|Any CPU
		{7BDD5AB0-D0F8-4E3B-9513-5F4EF3C4B745}.Release|Any CPU.Build.0 = Release|Any CPU
	EndGlobalSection
EndGlobal
